
Microsoft Visual Studio Solution File, Format Version 12.00
# Visual Studio Version 16
VisualStudioVersion = 16.0.30711.63
MinimumVisualStudioVersion = 10.0.40219.1
Project("{F184B08F-C81C-45F6-A57F-5ABD9991F28F}") = "PacketLib", "PacketLib\PacketLib.vbproj", "{2FFBF868-93F0-4A1C-AB18-92A3B9DE7D5D}"
EndProject
Project("{F184B08F-C81C-45F6-A57F-5ABD9991F28F}") = "Server", "Server\Server.vbproj", "{ADAC4592-17B1-4D43-82AF-56980A84C8C8}"
EndProject
Project("{F184B08F-C81C-45F6-A57F-5ABD9991F28F}") = "Client", "Client\Client.vbproj", "{4E3FBBB7-E7FC-4B7C-BF87-4209791FB953}"
EndProject
Project("{2150E333-8FDC-42A3-9474-1A3956D46DE8}") = "Plugins", "Plugins", "{379F0CC1-C5FB-44FF-BAF1-284AF08CFC26}"
EndProject
Project("{F184B08F-C81C-45F6-A57F-5ABD9991F28F}") = "MS", "MS\MS.vbproj", "{0346E117-FF4D-4E13-9941-24FD4D820DB7}"
EndProject
Project("{F184B08F-C81C-45F6-A57F-5ABD9991F28F}") = "NW", "NW\NW.vbproj", "{52138932-F830-435C-B751-85C8715D4E67}"
EndProject
Project("{F184B08F-C81C-45F6-A57F-5ABD9991F28F}") = "PW", "PW\PW.vbproj", "{D38FFE54-8ED5-4B91-B313-F574CA9BC23B}"
EndProject
Project("{F184B08F-C81C-45F6-A57F-5ABD9991F28F}") = "TM", "TM\TM.vbproj", "{2C3306BA-B05D-4D81-B008-1401E98CEDFB}"
EndProject
Project("{F184B08F-C81C-45F6-A57F-5ABD9991F28F}") = "WB", "WB\WB.vbproj", "{6E749EB6-BF98-41A1-9698-428A0F3C480E}"
EndProject
Project("{F184B08F-C81C-45F6-A57F-5ABD9991F28F}") = "KB", "KB\KB.vbproj", "{91DD9BF1-76BE-44D0-82D8-E4CC52037EB7}"
EndProject
Project("{F184B08F-C81C-45F6-A57F-5ABD9991F28F}") = "HorusEyesLight", "HorusEyesLight\HorusEyesLight.vbproj", "{66FEE14E-FD08-4359-A70F-2265116CE85C}"
EndProject
Project("{2150E333-8FDC-42A3-9474-1A3956D46DE8}") = "Servers", "Servers", "{D5F015D9-A7E1-41C1-BE30-C7F4235DF82D}"
EndProject
Project("{F184B08F-C81C-45F6-A57F-5ABD9991F28F}") = "SL", "SL\SL.vbproj", "{130244A9-F35C-4050-A975-CFF36C784B66}"
EndProject
Project("{FAE04EC0-301F-11D3-BF4B-00C04F79EFBC}") = "LD", "LD\LD.csproj", "{4C9EEEEB-CBCF-42E6-A3C6-128C0B92D9AB}"
EndProject
Global
	GlobalSection(SolutionConfigurationPlatforms) = preSolution
		Debug|Any CPU = Debug|Any CPU
		Release|Any CPU = Release|Any CPU
	EndGlobalSection
	GlobalSection(ProjectConfigurationPlatforms) = postSolution
		{2FFBF868-93F0-4A1C-AB18-92A3B9DE7D5D}.Debug|Any CPU.ActiveCfg = Debug|Any CPU
		{2FFBF868-93F0-4A1C-AB18-92A3B9DE7D5D}.Debug|Any CPU.Build.0 = Debug|Any CPU
		{2FFBF868-93F0-4A1C-AB18-92A3B9DE7D5D}.Release|Any CPU.ActiveCfg = Release|Any CPU
		{2FFBF868-93F0-4A1C-AB18-92A3B9DE7D5D}.Release|Any CPU.Build.0 = Release|Any CPU
		{ADAC4592-17B1-4D43-82AF-56980A84C8C8}.Debug|Any CPU.ActiveCfg = Debug|Any CPU
		{ADAC4592-17B1-4D43-82AF-56980A84C8C8}.Debug|Any CPU.Build.0 = Debug|Any CPU
		{ADAC4592-17B1-4D43-82AF-56980A84C8C8}.Release|Any CPU.ActiveCfg = Release|Any CPU
		{ADAC4592-17B1-4D43-82AF-56980A84C8C8}.Release|Any CPU.Build.0 = Release|Any CPU
		{4E3FBBB7-E7FC-4B7C-BF87-4209791FB953}.Debug|Any CPU.ActiveCfg = Debug|x64
		{4E3FBBB7-E7FC-4B7C-BF87-4209791FB953}.Debug|Any CPU.Build.0 = Debug|x64
		{4E3FBBB7-E7FC-4B7C-BF87-4209791FB953}.Release|Any CPU.ActiveCfg = Release|Any CPU
		{4E3FBBB7-E7FC-4B7C-BF87-4209791FB953}.Release|Any CPU.Build.0 = Release|Any CPU
		{0346E117-FF4D-4E13-9941-24FD4D820DB7}.Debug|Any CPU.ActiveCfg = Debug|Any CPU
		{0346E117-FF4D-4E13-9941-24FD4D820DB7}.Debug|Any CPU.Build.0 = Debug|Any CPU
		{0346E117-FF4D-4E13-9941-24FD4D820DB7}.Release|Any CPU.ActiveCfg = Release|Any CPU
		{0346E117-FF4D-4E13-9941-24FD4D820DB7}.Release|Any CPU.Build.0 = Release|Any CPU
		{52138932-F830-435C-B751-85C8715D4E67}.Debug|Any CPU.ActiveCfg = Debug|Any CPU
		{52138932-F830-435C-B751-85C8715D4E67}.Debug|Any CPU.Build.0 = Debug|Any CPU
		{52138932-F830-435C-B751-85C8715D4E67}.Release|Any CPU.ActiveCfg = Release|Any CPU
		{52138932-F830-435C-B751-85C8715D4E67}.Release|Any CPU.Build.0 = Release|Any CPU
		{D38FFE54-8ED5-4B91-B313-F574CA9BC23B}.Debug|Any CPU.ActiveCfg = Debug|Any CPU
		{D38FFE54-8ED5-4B91-B313-F574CA9BC23B}.Debug|Any CPU.Build.0 = Debug|Any CPU
		{D38FFE54-8ED5-4B91-B313-F574CA9BC23B}.Release|Any CPU.ActiveCfg = Release|Any CPU
		{D38FFE54-8ED5-4B91-B313-F574CA9BC23B}.Release|Any CPU.Build.0 = Release|Any CPU
		{2C3306BA-B05D-4D81-B008-1401E98CEDFB}.Debug|Any CPU.ActiveCfg = Debug|Any CPU
		{2C3306BA-B05D-4D81-B008-1401E98CEDFB}.Debug|Any CPU.Build.0 = Debug|Any CPU
		{2C3306BA-B05D-4D81-B008-1401E98CEDFB}.Release|Any CPU.ActiveCfg = Release|Any CPU
		{2C3306BA-B05D-4D81-B008-1401E98CEDFB}.Release|Any CPU.Build.0 = Release|Any CPU
		{6E749EB6-BF98-41A1-9698-428A0F3C480E}.Debug|Any CPU.ActiveCfg = Debug|Any CPU
		{6E749EB6-BF98-41A1-9698-428A0F3C480E}.Debug|Any CPU.Build.0 = Debug|Any CPU
		{6E749EB6-BF98-41A1-9698-428A0F3C480E}.Release|Any CPU.ActiveCfg = Release|Any CPU
		{6E749EB6-BF98-41A1-9698-428A0F3C480E}.Release|Any CPU.Build.0 = Release|Any CPU
		{91DD9BF1-76BE-44D0-82D8-E4CC52037EB7}.Debug|Any CPU.ActiveCfg = Debug|Any CPU
		{91DD9BF1-76BE-44D0-82D8-E4CC52037EB7}.Debug|Any CPU.Build.0 = Debug|Any CPU
		{91DD9BF1-76BE-44D0-82D8-E4CC52037EB7}.Release|Any CPU.ActiveCfg = Release|Any CPU
		{91DD9BF1-76BE-44D0-82D8-E4CC52037EB7}.Release|Any CPU.Build.0 = Release|Any CPU
		{66FEE14E-FD08-4359-A70F-2265116CE85C}.Debug|Any CPU.ActiveCfg = Debug|Any CPU
		{66FEE14E-FD08-4359-A70F-2265116CE85C}.Debug|Any CPU.Build.0 = Debug|Any CPU
		{66FEE14E-FD08-4359-A70F-2265116CE85C}.Release|Any CPU.ActiveCfg = Release|Any CPU
		{66FEE14E-FD08-4359-A70F-2265116CE85C}.Release|Any CPU.Build.0 = Release|Any CPU
		{130244A9-F35C-4050-A975-CFF36C784B66}.Debug|Any CPU.ActiveCfg = Debug|Any CPU
		{130244A9-F35C-4050-A975-CFF36C784B66}.Debug|Any CPU.Build.0 = Debug|Any CPU
		{130244A9-F35C-4050-A975-CFF36C784B66}.Release|Any CPU.ActiveCfg = Release|Any CPU
		{130244A9-F35C-4050-A975-CFF36C784B66}.Release|Any CPU.Build.0 = Release|Any CPU
		{4C9EEEEB-CBCF-42E6-A3C6-128C0B92D9AB}.Debug|Any CPU.ActiveCfg = Debug|Any CPU
		{4C9EEEEB-CBCF-42E6-A3C6-128C0B92D9AB}.Debug|Any CPU.Build.0 = Debug|Any CPU
		{4C9EEEEB-CBCF-42E6-A3C6-128C0B92D9AB}.Release|Any CPU.ActiveCfg = Release|Any CPU
		{4C9EEEEB-CBCF-42E6-A3C6-128C0B92D9AB}.Release|Any CPU.Build.0 = Release|Any CPU
	EndGlobalSection
	GlobalSection(SolutionProperties) = preSolution
		HideSolutionNode = FALSE
	EndGlobalSection
	GlobalSection(NestedProjects) = preSolution
		{ADAC4592-17B1-4D43-82AF-56980A84C8C8} = {D5F015D9-A7E1-41C1-BE30-C7F4235DF82D}
		{0346E117-FF4D-4E13-9941-24FD4D820DB7} = {379F0CC1-C5FB-44FF-BAF1-284AF08CFC26}
		{52138932-F830-435C-B751-85C8715D4E67} = {379F0CC1-C5FB-44FF-BAF1-284AF08CFC26}
		{D38FFE54-8ED5-4B91-B313-F574CA9BC23B} = {379F0CC1-C5FB-44FF-BAF1-284AF08CFC26}
		{2C3306BA-B05D-4D81-B008-1401E98CEDFB} = {379F0CC1-C5FB-44FF-BAF1-284AF08CFC26}
		{6E749EB6-BF98-41A1-9698-428A0F3C480E} = {379F0CC1-C5FB-44FF-BAF1-284AF08CFC26}
		{91DD9BF1-76BE-44D0-82D8-E4CC52037EB7} = {379F0CC1-C5FB-44FF-BAF1-284AF08CFC26}
		{66FEE14E-FD08-4359-A70F-2265116CE85C} = {D5F015D9-A7E1-41C1-BE30-C7F4235DF82D}
		{130244A9-F35C-4050-A975-CFF36C784B66} = {379F0CC1-C5FB-44FF-BAF1-284AF08CFC26}
		{4C9EEEEB-CBCF-42E6-A3C6-128C0B92D9AB} = {379F0CC1-C5FB-44FF-BAF1-284AF08CFC26}
	EndGlobalSection
	GlobalSection(ExtensibilityGlobals) = postSolution
		SolutionGuid = {D97CD9B0-B036-4BA2-9AE5-3C44593B3AAD}
	EndGlobalSection
EndGlobal
